{
  "name": "nodecraft",
  "version": "1.0.0",
  "lockfileVersion": 1,
  "requires": true,
  "dependencies": {
    "int64-buffer": {
      "version": "0.99.1007",
      "resolved": "https://registry.npmjs.org/int64-buffer/-/int64-buffer-0.99.1007.tgz",
      "integrity": "sha512-XDBEu44oSTqlvCSiOZ/0FoUkpWu/vwjJLGSKDabNISPQNZ5wub1FodGHBljRsrR0IXRPq7SslshZYMuA55CgTQ=="
    },
    "javascript-state-machine": {
      "version": "3.1.0",
      "resolved": "https://registry.npmjs.org/javascript-state-machine/-/javascript-state-machine-3.1.0.tgz",
      "integrity": "sha512-BwhYxQ1OPenBPXC735RgfB+ZUG8H3kjsx8hrYTgWnoy6TPipEy4fiicyhT2lxRKAXq9pG7CfFT8a2HLr6Hmwxg==",
      "dev": true
    },
    "uuid": {
      "version": "3.3.2",
      "resolved": "https://registry.npmjs.org/uuid/-/uuid-3.3.2.tgz",
      "integrity": "sha512-yXJmeNaw3DnnKAOKJE51sL/ZaYfWJRl1pK9dr19YFCu0ObS231AB1/LbqTKRAQ5kw8A90rA6fr4riOUpTZvQZA=="
    },
    "uuid-parse": {
      "version": "1.1.0",
      "resolved": "https://registry.npmjs.org/uuid-parse/-/uuid-parse-1.1.0.tgz",
      "integrity": "sha512-OdmXxA8rDsQ7YpNVbKSJkNzTw2I+S5WsbMDnCtIWSQaosNAcWtFuI/YK1TjzUI6nbkgiqEyh8gWngfcv8Asd9A=="
    }
  }
}
